
Microsoft Visual Studio Solution File, Format Version 12.00
# Visual Studio Version 16
VisualStudioVersion = 16.0.30011.22
MinimumVisualStudioVersion = 10.0.40219.1
Project("{FAE04EC0-301F-11D3-BF4B-00C04F79EFBC}") = "Klassen", "Klassen.csproj", "{4C2C0EDA-BED0-40C8-8947-2BDAB0A65911}"
EndProject
Project("{FAE04EC0-301F-11D3-BF4B-00C04F79EFBC}") = "Core", "..\Core\Core.csproj", "{F4982D2C-1EE2-4BB8-ABA3-6074B3268EF3}"
EndProject
Project("{FAE04EC0-301F-11D3-BF4B-00C04F79EFBC}") = "Data", "..\Data\Data.csproj", "{07CC0EB6-301E-4929-B7DB-4C07CA715AA3}"
EndProject
Global
	GlobalSection(SolutionConfigurationPlatforms) = preSolution
		Debug|Any CPU = Debug|Any CPU
		Release|Any CPU = Release|Any CPU
	EndGlobalSection
	GlobalSection(ProjectConfigurationPlatforms) = postSolution
		{4C2C0EDA-BED0-40C8-8947-2BDAB0A65911}.Debug|Any CPU.ActiveCfg = Debug|Any CPU
		{4C2C0EDA-BED0-40C8-8947-2BDAB0A65911}.Debug|Any CPU.Build.0 = Debug|Any CPU
		{4C2C0EDA-BED0-40C8-8947-2BDAB0A65911}.Release|Any CPU.ActiveCfg = Release|Any CPU
		{4C2C0EDA-BED0-40C8-8947-2BDAB0A65911}.Release|Any CPU.Build.0 = Release|Any CPU
		{F4982D2C-1EE2-4BB8-ABA3-6074B3268EF3}.Debug|Any CPU.ActiveCfg = Debug|Any CPU
		{F4982D2C-1EE2-4BB8-ABA3-6074B3268EF3}.Debug|Any CPU.Build.0 = Debug|Any CPU
		{F4982D2C-1EE2-4BB8-ABA3-6074B3268EF3}.Release|Any CPU.ActiveCfg = Release|Any CPU
		{F4982D2C-1EE2-4BB8-ABA3-6074B3268EF3}.Release|Any CPU.Build.0 = Release|Any CPU
		{07CC0EB6-301E-4929-B7DB-4C07CA715AA3}.Debug|Any CPU.ActiveCfg = Debug|Any CPU
		{07CC0EB6-301E-4929-B7DB-4C07CA715AA3}.Debug|Any CPU.Build.0 = Debug|Any CPU
		{07CC0EB6-301E-4929-B7DB-4C07CA715AA3}.Release|Any CPU.ActiveCfg = Release|Any CPU
		{07CC0EB6-301E-4929-B7DB-4C07CA715AA3}.Release|Any CPU.Build.0 = Release|Any CPU
	EndGlobalSection
	GlobalSection(SolutionProperties) = preSolution
		HideSolutionNode = FALSE
	EndGlobalSection
	GlobalSection(ExtensibilityGlobals) = postSolution
		SolutionGuid = {8EB3E36E-AA08-4B8A-817B-A58D840D9CD1}
	EndGlobalSection
EndGlobal
